
Microsoft Visual Studio Solution File, Format Version 12.00
# Visual Studio Version 16
VisualStudioVersion = 16.6.30114.105
MinimumVisualStudioVersion = 10.0.40219.1
Project("{FAE04EC0-301F-11D3-BF4B-00C04F79EFBC}") = "Penguin.Cms.Web.Errors.Local", "Penguin.Cms.Web.Errors.Local.csproj", "{AC10BA92-D8B3-4632-9DCD-3E49BA94B8FF}"
EndProject
Project("{FAE04EC0-301F-11D3-BF4B-00C04F79EFBC}") = "Penguin.Web.Abstractions.Local", "..\Penguin.Web.Abstractions\Penguin.Web.Abstractions.Local.csproj", "{2D52A548-C073-4206-8556-6173A3763761}"
EndProject
Project("{FAE04EC0-301F-11D3-BF4B-00C04F79EFBC}") = "Penguin.Security.Abstractions.Local", "..\Penguin.Security.Abstractions\Penguin.Security.Abstractions.Local.csproj", "{E130E8FE-9B96-4B45-B4D0-2198D0D08F5B}"
EndProject
Project("{FAE04EC0-301F-11D3-BF4B-00C04F79EFBC}") = "Penguin.Cms.Errors.Local", "..\Penguin.Cms.Errors\Penguin.Cms.Errors.Local.csproj", "{410ED9CC-3C1F-46CA-BABE-405CC4487759}"
EndProject
Project("{FAE04EC0-301F-11D3-BF4B-00C04F79EFBC}") = "Penguin.Auditing.Abstractions.Local", "..\Penguin.Auditing.Abstractions\Penguin.Auditing.Abstractions.Local.csproj", "{DB914482-620A-4757-A8DB-8790CE157F5F}"
EndProject
Project("{FAE04EC0-301F-11D3-BF4B-00C04F79EFBC}") = "Penguin.Extensions.Exceptions.Local", "..\Penguin.Extensions.Exceptions\Penguin.Extensions.Exceptions.Local.csproj", "{D5B1C24D-B179-4255-A04D-74B4A8676736}"
EndProject
Project("{FAE04EC0-301F-11D3-BF4B-00C04F79EFBC}") = "Penguin.Cms.Entities.Local", "..\Penguin.Cms.Entities\Penguin.Cms.Entities.Local.csproj", "{03515512-5AD8-4EFE-A100-74F32A7A18A6}"
EndProject
Project("{FAE04EC0-301F-11D3-BF4B-00C04F79EFBC}") = "Penguin.Persistence.Abstractions.Local", "..\Penguin.Persistence.Abstractions\Penguin.Persistence.Abstractions.Local.csproj", "{9AEAA68D-57C3-43E8-A82A-01F6E5E64A30}"
EndProject
Project("{FAE04EC0-301F-11D3-BF4B-00C04F79EFBC}") = "Penguin.Entities.Abstractions.Local", "..\Penguin.Entities.Abstractions\Penguin.Entities.Abstractions.Local.csproj", "{6B2514CE-2223-40E2-B991-886330601A81}"
EndProject
Project("{FAE04EC0-301F-11D3-BF4B-00C04F79EFBC}") = "Penguin.Reflection.Extensions.Local", "..\Penguin.Reflection.Extensions\Penguin.Reflection.Extensions.Local.csproj", "{C2649700-5BF8-4708-A18E-65E91F6EFA06}"
EndProject
Project("{FAE04EC0-301F-11D3-BF4B-00C04F79EFBC}") = "Penguin.Reflection.Abstractions.Local", "..\Penguin.Reflection.Abstractions\Penguin.Reflection.Abstractions.Local.csproj", "{6F135FE0-13ED-440A-BF08-9E2A7A088EE2}"
EndProject
Project("{FAE04EC0-301F-11D3-BF4B-00C04F79EFBC}") = "Penguin.Extensions.String.Local", "..\Penguin.Extensions.String\Penguin.Extensions.String.Local.csproj", "{DB364C73-3029-450B-93C0-2D8834A666F6}"
EndProject
Global
	GlobalSection(SolutionConfigurationPlatforms) = preSolution
		Debug|Any CPU = Debug|Any CPU
		Debug|x64 = Debug|x64
		Debug|x86 = Debug|x86
		Release|Any CPU = Release|Any CPU
		Release|x64 = Release|x64
		Release|x86 = Release|x86
	EndGlobalSection
	GlobalSection(SolutionProperties) = preSolution
		HideSolutionNode = FALSE
	EndGlobalSection
	GlobalSection(ProjectConfigurationPlatforms) = postSolution
		{AC10BA92-D8B3-4632-9DCD-3E49BA94B8FF}.Debug|Any CPU.ActiveCfg = Debug|Any CPU
		{AC10BA92-D8B3-4632-9DCD-3E49BA94B8FF}.Debug|Any CPU.Build.0 = Debug|Any CPU
		{AC10BA92-D8B3-4632-9DCD-3E49BA94B8FF}.Debug|x64.ActiveCfg = Debug|Any CPU
		{AC10BA92-D8B3-4632-9DCD-3E49BA94B8FF}.Debug|x64.Build.0 = Debug|Any CPU
		{AC10BA92-D8B3-4632-9DCD-3E49BA94B8FF}.Debug|x86.ActiveCfg = Debug|Any CPU
		{AC10BA92-D8B3-4632-9DCD-3E49BA94B8FF}.Debug|x86.Build.0 = Debug|Any CPU
		{AC10BA92-D8B3-4632-9DCD-3E49BA94B8FF}.Release|Any CPU.ActiveCfg = Release|Any CPU
		{AC10BA92-D8B3-4632-9DCD-3E49BA94B8FF}.Release|Any CPU.Build.0 = Release|Any CPU
		{AC10BA92-D8B3-4632-9DCD-3E49BA94B8FF}.Release|x64.ActiveCfg = Release|Any CPU
		{AC10BA92-D8B3-4632-9DCD-3E49BA94B8FF}.Release|x64.Build.0 = Release|Any CPU
		{AC10BA92-D8B3-4632-9DCD-3E49BA94B8FF}.Release|x86.ActiveCfg = Release|Any CPU
		{AC10BA92-D8B3-4632-9DCD-3E49BA94B8FF}.Release|x86.Build.0 = Release|Any CPU
		{2D52A548-C073-4206-8556-6173A3763761}.Debug|Any CPU.ActiveCfg = Debug|Any CPU
		{2D52A548-C073-4206-8556-6173A3763761}.Debug|Any CPU.Build.0 = Debug|Any CPU
		{2D52A548-C073-4206-8556-6173A3763761}.Debug|x64.ActiveCfg = Debug|Any CPU
		{2D52A548-C073-4206-8556-6173A3763761}.Debug|x64.Build.0 = Debug|Any CPU
		{2D52A548-C073-4206-8556-6173A3763761}.Debug|x86.ActiveCfg = Debug|Any CPU
		{2D52A548-C073-4206-8556-6173A3763761}.Debug|x86.Build.0 = Debug|Any CPU
		{2D52A548-C073-4206-8556-6173A3763761}.Release|Any CPU.ActiveCfg = Release|Any CPU
		{2D52A548-C073-4206-8556-6173A3763761}.Release|Any CPU.Build.0 = Release|Any CPU
		{2D52A548-C073-4206-8556-6173A3763761}.Release|x64.ActiveCfg = Release|Any CPU
		{2D52A548-C073-4206-8556-6173A3763761}.Release|x64.Build.0 = Release|Any CPU
		{2D52A548-C073-4206-8556-6173A3763761}.Release|x86.ActiveCfg = Release|Any CPU
		{2D52A548-C073-4206-8556-6173A3763761}.Release|x86.Build.0 = Release|Any CPU
		{E130E8FE-9B96-4B45-B4D0-2198D0D08F5B}.Debug|Any CPU.ActiveCfg = Debug|Any CPU
		{E130E8FE-9B96-4B45-B4D0-2198D0D08F5B}.Debug|Any CPU.Build.0 = Debug|Any CPU
		{E130E8FE-9B96-4B45-B4D0-2198D0D08F5B}.Debug|x64.ActiveCfg = Debug|Any CPU
		{E130E8FE-9B96-4B45-B4D0-2198D0D08F5B}.Debug|x64.Build.0 = Debug|Any CPU
		{E130E8FE-9B96-4B45-B4D0-2198D0D08F5B}.Debug|x86.ActiveCfg = Debug|Any CPU
		{E130E8FE-9B96-4B45-B4D0-2198D0D08F5B}.Debug|x86.Build.0 = Debug|Any CPU
		{E130E8FE-9B96-4B45-B4D0-2198D0D08F5B}.Release|Any CPU.ActiveCfg = Release|Any CPU
		{E130E8FE-9B96-4B45-B4D0-2198D0D08F5B}.Release|Any CPU.Build.0 = Release|Any CPU
		{E130E8FE-9B96-4B45-B4D0-2198D0D08F5B}.Release|x64.ActiveCfg = Release|Any CPU
		{E130E8FE-9B96-4B45-B4D0-2198D0D08F5B}.Release|x64.Build.0 = Release|Any CPU
		{E130E8FE-9B96-4B45-B4D0-2198D0D08F5B}.Release|x86.ActiveCfg = Release|Any CPU
		{E130E8FE-9B96-4B45-B4D0-2198D0D08F5B}.Release|x86.Build.0 = Release|Any CPU
		{410ED9CC-3C1F-46CA-BABE-405CC4487759}.Debug|Any CPU.ActiveCfg = Debug|Any CPU
		{410ED9CC-3C1F-46CA-BABE-405CC4487759}.Debug|Any CPU.Build.0 = Debug|Any CPU
		{410ED9CC-3C1F-46CA-BABE-405CC4487759}.Debug|x64.ActiveCfg = Debug|Any CPU
		{410ED9CC-3C1F-46CA-BABE-405CC4487759}.Debug|x64.Build.0 = Debug|Any CPU
		{410ED9CC-3C1F-46CA-BABE-405CC4487759}.Debug|x86.ActiveCfg = Debug|Any CPU
		{410ED9CC-3C1F-46CA-BABE-405CC4487759}.Debug|x86.Build.0 = Debug|Any CPU
		{410ED9CC-3C1F-46CA-BABE-405CC4487759}.Release|Any CPU.ActiveCfg = Release|Any CPU
		{410ED9CC-3C1F-46CA-BABE-405CC4487759}.Release|Any CPU.Build.0 = Release|Any CPU
		{410ED9CC-3C1F-46CA-BABE-405CC4487759}.Release|x64.ActiveCfg = Release|Any CPU
		{410ED9CC-3C1F-46CA-BABE-405CC4487759}.Release|x64.Build.0 = Release|Any CPU
		{410ED9CC-3C1F-46CA-BABE-405CC4487759}.Release|x86.ActiveCfg = Release|Any CPU
		{410ED9CC-3C1F-46CA-BABE-405CC4487759}.Release|x86.Build.0 = Release|Any CPU
		{DB914482-620A-4757-A8DB-8790CE157F5F}.Debug|Any CPU.ActiveCfg = Debug|Any CPU
		{DB914482-620A-4757-A8DB-8790CE157F5F}.Debug|Any CPU.Build.0 = Debug|Any CPU
		{DB914482-620A-4757-A8DB-8790CE157F5F}.Debug|x64.ActiveCfg = Debug|Any CPU
		{DB914482-620A-4757-A8DB-8790CE157F5F}.Debug|x64.Build.0 = Debug|Any CPU
		{DB914482-620A-4757-A8DB-8790CE157F5F}.Debug|x86.ActiveCfg = Debug|Any CPU
		{DB914482-620A-4757-A8DB-8790CE157F5F}.Debug|x86.Build.0 = Debug|Any CPU
		{DB914482-620A-4757-A8DB-8790CE157F5F}.Release|Any CPU.ActiveCfg = Release|Any CPU
		{DB914482-620A-4757-A8DB-8790CE157F5F}.Release|Any CPU.Build.0 = Release|Any CPU
		{DB914482-620A-4757-A8DB-8790CE157F5F}.Release|x64.ActiveCfg = Release|Any CPU
		{DB914482-620A-4757-A8DB-8790CE157F5F}.Release|x64.Build.0 = Release|Any CPU
		{DB914482-620A-4757-A8DB-8790CE157F5F}.Release|x86.ActiveCfg = Release|Any CPU
		{DB914482-620A-4757-A8DB-8790CE157F5F}.Release|x86.Build.0 = Release|Any CPU
		{D5B1C24D-B179-4255-A04D-74B4A8676736}.Debug|Any CPU.ActiveCfg = Debug|Any CPU
		{D5B1C24D-B179-4255-A04D-74B4A8676736}.Debug|Any CPU.Build.0 = Debug|Any CPU
		{D5B1C24D-B179-4255-A04D-74B4A8676736}.Debug|x64.ActiveCfg = Debug|Any CPU
		{D5B1C24D-B179-4255-A04D-74B4A8676736}.Debug|x64.Build.0 = Debug|Any CPU
		{D5B1C24D-B179-4255-A04D-74B4A8676736}.Debug|x86.ActiveCfg = Debug|Any CPU
		{D5B1C24D-B179-4255-A04D-74B4A8676736}.Debug|x86.Build.0 = Debug|Any CPU
		{D5B1C24D-B179-4255-A04D-74B4A8676736}.Release|Any CPU.ActiveCfg = Release|Any CPU
		{D5B1C24D-B179-4255-A04D-74B4A8676736}.Release|Any CPU.Build.0 = Release|Any CPU
		{D5B1C24D-B179-4255-A04D-74B4A8676736}.Release|x64.ActiveCfg = Release|Any CPU
		{D5B1C24D-B179-4255-A04D-74B4A8676736}.Release|x64.Build.0 = Release|Any CPU
		{D5B1C24D-B179-4255-A04D-74B4A8676736}.Release|x86.ActiveCfg = Release|Any CPU
		{D5B1C24D-B179-4255-A04D-74B4A8676736}.Release|x86.Build.0 = Release|Any CPU
		{03515512-5AD8-4EFE-A100-74F32A7A18A6}.Debug|Any CPU.ActiveCfg = Debug|Any CPU
		{03515512-5AD8-4EFE-A100-74F32A7A18A6}.Debug|Any CPU.Build.0 = Debug|Any CPU
		{03515512-5AD8-4EFE-A100-74F32A7A18A6}.Debug|x64.ActiveCfg = Debug|Any CPU
		{03515512-5AD8-4EFE-A100-74F32A7A18A6}.Debug|x64.Build.0 = Debug|Any CPU
		{03515512-5AD8-4EFE-A100-74F32A7A18A6}.Debug|x86.ActiveCfg = Debug|Any CPU
		{03515512-5AD8-4EFE-A100-74F32A7A18A6}.Debug|x86.Build.0 = Debug|Any CPU
		{03515512-5AD8-4EFE-A100-74F32A7A18A6}.Release|Any CPU.ActiveCfg = Release|Any CPU
		{03515512-5AD8-4EFE-A100-74F32A7A18A6}.Release|Any CPU.Build.0 = Release|Any CPU
		{03515512-5AD8-4EFE-A100-74F32A7A18A6}.Release|x64.ActiveCfg = Release|Any CPU
		{03515512-5AD8-4EFE-A100-74F32A7A18A6}.Release|x64.Build.0 = Release|Any CPU
		{03515512-5AD8-4EFE-A100-74F32A7A18A6}.Release|x86.ActiveCfg = Release|Any CPU
		{03515512-5AD8-4EFE-A100-74F32A7A18A6}.Release|x86.Build.0 = Release|Any CPU
		{9AEAA68D-57C3-43E8-A82A-01F6E5E64A30}.Debug|Any CPU.ActiveCfg = Debug|Any CPU
		{9AEAA68D-57C3-43E8-A82A-01F6E5E64A30}.Debug|Any CPU.Build.0 = Debug|Any CPU
		{9AEAA68D-57C3-43E8-A82A-01F6E5E64A30}.Debug|x64.ActiveCfg = Debug|Any CPU
		{9AEAA68D-57C3-43E8-A82A-01F6E5E64A30}.Debug|x64.Build.0 = Debug|Any CPU
		{9AEAA68D-57C3-43E8-A82A-01F6E5E64A30}.Debug|x86.ActiveCfg = Debug|Any CPU
		{9AEAA68D-57C3-43E8-A82A-01F6E5E64A30}.Debug|x86.Build.0 = Debug|Any CPU
		{9AEAA68D-57C3-43E8-A82A-01F6E5E64A30}.Release|Any CPU.ActiveCfg = Release|Any CPU
		{9AEAA68D-57C3-43E8-A82A-01F6E5E64A30}.Release|Any CPU.Build.0 = Release|Any CPU
		{9AEAA68D-57C3-43E8-A82A-01F6E5E64A30}.Release|x64.ActiveCfg = Release|Any CPU
		{9AEAA68D-57C3-43E8-A82A-01F6E5E64A30}.Release|x64.Build.0 = Release|Any CPU
		{9AEAA68D-57C3-43E8-A82A-01F6E5E64A30}.Release|x86.ActiveCfg = Release|Any CPU
		{9AEAA68D-57C3-43E8-A82A-01F6E5E64A30}.Release|x86.Build.0 = Release|Any CPU
		{6B2514CE-2223-40E2-B991-886330601A81}.Debug|Any CPU.ActiveCfg = Debug|Any CPU
		{6B2514CE-2223-40E2-B991-886330601A81}.Debug|Any CPU.Build.0 = Debug|Any CPU
		{6B2514CE-2223-40E2-B991-886330601A81}.Debug|x64.ActiveCfg = Debug|Any CPU
		{6B2514CE-2223-40E2-B991-886330601A81}.Debug|x64.Build.0 = Debug|Any CPU
		{6B2514CE-2223-40E2-B991-886330601A81}.Debug|x86.ActiveCfg = Debug|Any CPU
		{6B2514CE-2223-40E2-B991-886330601A81}.Debug|x86.Build.0 = Debug|Any CPU
		{6B2514CE-2223-40E2-B991-886330601A81}.Release|Any CPU.ActiveCfg = Release|Any CPU
		{6B2514CE-2223-40E2-B991-886330601A81}.Release|Any CPU.Build.0 = Release|Any CPU
		{6B2514CE-2223-40E2-B991-886330601A81}.Release|x64.ActiveCfg = Release|Any CPU
		{6B2514CE-2223-40E2-B991-886330601A81}.Release|x64.Build.0 = Release|Any CPU
		{6B2514CE-2223-40E2-B991-886330601A81}.Release|x86.ActiveCfg = Release|Any CPU
		{6B2514CE-2223-40E2-B991-886330601A81}.Release|x86.Build.0 = Release|Any CPU
		{C2649700-5BF8-4708-A18E-65E91F6EFA06}.Debug|Any CPU.ActiveCfg = Debug|Any CPU
		{C2649700-5BF8-4708-A18E-65E91F6EFA06}.Debug|Any CPU.Build.0 = Debug|Any CPU
		{C2649700-5BF8-4708-A18E-65E91F6EFA06}.Debug|x64.ActiveCfg = Debug|Any CPU
		{C2649700-5BF8-4708-A18E-65E91F6EFA06}.Debug|x64.Build.0 = Debug|Any CPU
		{C2649700-5BF8-4708-A18E-65E91F6EFA06}.Debug|x86.ActiveCfg = Debug|Any CPU
		{C2649700-5BF8-4708-A18E-65E91F6EFA06}.Debug|x86.Build.0 = Debug|Any CPU
		{C2649700-5BF8-4708-A18E-65E91F6EFA06}.Release|Any CPU.ActiveCfg = Release|Any CPU
		{C2649700-5BF8-4708-A18E-65E91F6EFA06}.Release|Any CPU.Build.0 = Release|Any CPU
		{C2649700-5BF8-4708-A18E-65E91F6EFA06}.Release|x64.ActiveCfg = Release|Any CPU
		{C2649700-5BF8-4708-A18E-65E91F6EFA06}.Release|x64.Build.0 = Release|Any CPU
		{C2649700-5BF8-4708-A18E-65E91F6EFA06}.Release|x86.ActiveCfg = Release|Any CPU
		{C2649700-5BF8-4708-A18E-65E91F6EFA06}.Release|x86.Build.0 = Release|Any CPU
		{6F135FE0-13ED-440A-BF08-9E2A7A088EE2}.Debug|Any CPU.ActiveCfg = Debug|Any CPU
		{6F135FE0-13ED-440A-BF08-9E2A7A088EE2}.Debug|Any CPU.Build.0 = Debug|Any CPU
		{6F135FE0-13ED-440A-BF08-9E2A7A088EE2}.Debug|x64.ActiveCfg = Debug|Any CPU
		{6F135FE0-13ED-440A-BF08-9E2A7A088EE2}.Debug|x64.Build.0 = Debug|Any CPU
		{6F135FE0-13ED-440A-BF08-9E2A7A088EE2}.Debug|x86.ActiveCfg = Debug|Any CPU
		{6F135FE0-13ED-440A-BF08-9E2A7A088EE2}.Debug|x86.Build.0 = Debug|Any CPU
		{6F135FE0-13ED-440A-BF08-9E2A7A088EE2}.Release|Any CPU.ActiveCfg = Release|Any CPU
		{6F135FE0-13ED-440A-BF08-9E2A7A088EE2}.Release|Any CPU.Build.0 = Release|Any CPU
		{6F135FE0-13ED-440A-BF08-9E2A7A088EE2}.Release|x64.ActiveCfg = Release|Any CPU
		{6F135FE0-13ED-440A-BF08-9E2A7A088EE2}.Release|x64.Build.0 = Release|Any CPU
		{6F135FE0-13ED-440A-BF08-9E2A7A088EE2}.Release|x86.ActiveCfg = Release|Any CPU
		{6F135FE0-13ED-440A-BF08-9E2A7A088EE2}.Release|x86.Build.0 = Release|Any CPU
		{DB364C73-3029-450B-93C0-2D8834A666F6}.Debug|Any CPU.ActiveCfg = Debug|Any CPU
		{DB364C73-3029-450B-93C0-2D8834A666F6}.Debug|Any CPU.Build.0 = Debug|Any CPU
		{DB364C73-3029-450B-93C0-2D8834A666F6}.Debug|x64.ActiveCfg = Debug|Any CPU
		{DB364C73-3029-450B-93C0-2D8834A666F6}.Debug|x64.Build.0 = Debug|Any CPU
		{DB364C73-3029-450B-93C0-2D8834A666F6}.Debug|x86.ActiveCfg = Debug|Any CPU
		{DB364C73-3029-450B-93C0-2D8834A666F6}.Debug|x86.Build.0 = Debug|Any CPU
		{DB364C73-3029-450B-93C0-2D8834A666F6}.Release|Any CPU.ActiveCfg = Release|Any CPU
		{DB364C73-3029-450B-93C0-2D8834A666F6}.Release|Any CPU.Build.0 = Release|Any CPU
		{DB364C73-3029-450B-93C0-2D8834A666F6}.Release|x64.ActiveCfg = Release|Any CPU
		{DB364C73-3029-450B-93C0-2D8834A666F6}.Release|x64.Build.0 = Release|Any CPU
		{DB364C73-3029-450B-93C0-2D8834A666F6}.Release|x86.ActiveCfg = Release|Any CPU
		{DB364C73-3029-450B-93C0-2D8834A666F6}.Release|x86.Build.0 = Release|Any CPU
	EndGlobalSection
EndGlobal
